// !$*UTF8*$!
{
	archiveVersion = 1;
	classes = {
	};
	objectVersion = 46;
	objects = {

/* Begin PBXBuildFile section */
		0F2D3F371ABC84C200032786 /* SlotBrain.swift in Sources */ = {isa = PBXBuildFile; fileRef = 0F2D3F361ABC84C200032786 /* SlotBrain.swift */; };
		0F34C5B91ABBE76A00D4DEDA /* Slot.swift in Sources */ = {isa = PBXBuildFile; fileRef = 0F34C5B81ABBE76A00D4DEDA /* Slot.swift */; };
		0F34C5BB1ABBE94D00D4DEDA /* Factory.swift in Sources */ = {isa = PBXBuildFile; fileRef = 0F34C5BA1ABBE94D00D4DEDA /* Factory.swift */; };
		0F6AA51B1ABB9D7300202CAB /* AppDelegate.swift in Sources */ = {isa = PBXBuildFile; fileRef = 0F6AA51A1ABB9D7300202CAB /* AppDelegate.swift */; };
		0F6AA51D1ABB9D7300202CAB /* ViewController.swift in Sources */ = {isa = PBXBuildFile; fileRef = 0F6AA51C1ABB9D7300202CAB /* ViewController.swift */; };
		0F6AA5201ABB9D7300202CAB /* Main.storyboard in Resources */ = {isa = PBXBuildFile; fileRef = 0F6AA51E1ABB9D7300202CAB /* Main.storyboard */; };
		0F6AA5221ABB9D7300202CAB /* Images.xcassets in Resources */ = {isa = PBXBuildFile; fileRef = 0F6AA5211ABB9D7300202CAB /* Images.xcassets */; };
		0F6AA5251ABB9D7300202CAB /* LaunchScreen.xib in Resources */ = {isa = PBXBuildFile; fileRef = 0F6AA5231ABB9D7300202CAB /* LaunchScreen.xib */; };
		0F6AA5311ABB9D7300202CAB /* BF_SlotMachineTests.swift in Sources */ = {isa = PBXBuildFile; fileRef = 0F6AA5301ABB9D7300202CAB /* BF_SlotMachineTests.swift */; };
/* End PBXBuildFile section */

/* Begin PBXContainerItemProxy section */
		0F6AA52B1ABB9D7300202CAB /* PBXContainerItemProxy */ = {
			isa = PBXContainerItemProxy;
			containerPortal = 0F6AA50D1ABB9D7300202CAB /* Project object */;
			proxyType = 1;
			remoteGlobalIDString = 0F6AA5141ABB9D7300202CAB;
			remoteInfo = BF_SlotMachine;
		};
/* End PBXContainerItemProxy section */

/* Begin PBXFileReference section */
		0F2D3F361ABC84C200032786 /* SlotBrain.swift */ = {isa = PBXFileReference; fileEncoding = 4; lastKnownFileType = sourcecode.swift; path = SlotBrain.swift; sourceTree = "<group>"; };
		0F34C5B81ABBE76A00D4DEDA /* Slot.swift */ = {isa = PBXFileReference; fileEncoding = 4; lastKnownFileType = sourcecode.swift; path = Slot.swift; sourceTree = "<group>"; };
		0F34C5BA1ABBE94D00D4DEDA /* Factory.swift */ = {isa = PBXFileReference; fileEncoding = 4; lastKnownFileType = sourcecode.swift; path = Factory.swift; sourceTree = "<group>"; };
		0F6AA5151ABB9D7300202CAB /* BF_SlotMachine.app */ = {isa = PBXFileReference; explicitFileType = wrapper.application; includeInIndex = 0; path = BF_SlotMachine.app; sourceTree = BUILT_PRODUCTS_DIR; };
		0F6AA5191ABB9D7300202CAB /* Info.plist */ = {isa = PBXFileReference; lastKnownFileType = text.plist.xml; path = Info.plist; sourceTree = "<group>"; };
		0F6AA51A1ABB9D7300202CAB /* AppDelegate.swift */ = {isa = PBXFileReference; lastKnownFileType = sourcecode.swift; path = AppDelegate.swift; sourceTree = "<group>"; };
		0F6AA51C1ABB9D7300202CAB /* ViewController.swift */ = {isa = PBXFileReference; lastKnownFileType = sourcecode.swift; path = ViewController.swift; sourceTree = "<group>"; };
		0F6AA51F1ABB9D7300202CAB /* Base */ = {isa = PBXFileReference; lastKnownFileType = file.storyboard; name = Base; path = Base.lproj/Main.storyboard; sourceTree = "<group>"; };
		0F6AA5211ABB9D7300202CAB /* Images.xcassets */ = {isa = PBXFileReference; lastKnownFileType = folder.assetcatalog; path = Images.xcassets; sourceTree = "<group>"; };
		0F6AA5241ABB9D7300202CAB /* Base */ = {isa = PBXFileReference; lastKnownFileType = file.xib; name = Base; path = Base.lproj/LaunchScreen.xib; sourceTree = "<group>"; };
		0F6AA52A1ABB9D7300202CAB /* BF_SlotMachineTests.xctest */ = {isa = PBXFileReference; explicitFileType = wrapper.cfbundle; includeInIndex = 0; path = BF_SlotMachineTests.xctest; sourceTree = BUILT_PRODUCTS_DIR; };
		0F6AA52F1ABB9D7300202CAB /* Info.plist */ = {isa = PBXFileReference; lastKnownFileType = text.plist.xml; path = Info.plist; sourceTree = "<group>"; };
		0F6AA5301ABB9D7300202CAB /* BF_SlotMachineTests.swift */ = {isa = PBXFileReference; lastKnownFileType = sourcecode.swift; path = BF_SlotMachineTests.swift; sourceTree = "<group>"; };
/* End PBXFileReference section */

/* Begin PBXFrameworksBuildPhase section */
		0F6AA5121ABB9D7300202CAB /* Frameworks */ = {
			isa = PBXFrameworksBuildPhase;
			buildActionMask = 2147483647;
			files = (
			);
			runOnlyForDeploymentPostprocessing = 0;
		};
		0F6AA5271ABB9D7300202CAB /* Frameworks */ = {
			isa = PBXFrameworksBuildPhase;
			buildActionMask = 2147483647;
			files = (
			);
			runOnlyForDeploymentPostprocessing = 0;
		};
/* End PBXFrameworksBuildPhase section */

/* Begin PBXGroup section */
		0F6AA50C1ABB9D7300202CAB = {
			isa = PBXGroup;
			children = (
				0F6AA5171ABB9D7300202CAB /* BF_SlotMachine */,
				0F6AA52D1ABB9D7300202CAB /* BF_SlotMachineTests */,
				0F6AA5161ABB9D7300202CAB /* Products */,
			);
			sourceTree = "<group>";
		};
		0F6AA5161ABB9D7300202CAB /* Products */ = {
			isa = PBXGroup;
			children = (
				0F6AA5151ABB9D7300202CAB /* BF_SlotMachine.app */,
				0F6AA52A1ABB9D7300202CAB /* BF_SlotMachineTests.xctest */,
			);
			name = Products;
			sourceTree = "<group>";
		};
		0F6AA5171ABB9D7300202CAB /* BF_SlotMachine */ = {
			isa = PBXGroup;
			children = (
				0F6AA51A1ABB9D7300202CAB /* AppDelegate.swift */,
				0F6AA51C1ABB9D7300202CAB /* ViewController.swift */,
				0F2D3F361ABC84C200032786 /* SlotBrain.swift */,
				0F34C5BA1ABBE94D00D4DEDA /* Factory.swift */,
				0F34C5B81ABBE76A00D4DEDA /* Slot.swift */,
				0F6AA51E1ABB9D7300202CAB /* Main.storyboard */,
				0F6AA5211ABB9D7300202CAB /* Images.xcassets */,
				0F6AA5231ABB9D7300202CAB /* LaunchScreen.xib */,
				0F6AA5181ABB9D7300202CAB /* Supporting Files */,
			);
			path = BF_SlotMachine;
			sourceTree = "<group>";
		};
		0F6AA5181ABB9D7300202CAB /* Supporting Files */ = {
			isa = PBXGroup;
			children = (
				0F6AA5191ABB9D7300202CAB /* Info.plist */,
			);
			name = "Supporting Files";
			sourceTree = "<group>";
		};
		0F6AA52D1ABB9D7300202CAB /* BF_SlotMachineTests */ = {
			isa = PBXGroup;
			children = (
				0F6AA5301ABB9D7300202CAB /* BF_SlotMachineTests.swift */,
				0F6AA52E1ABB9D7300202CAB /* Supporting Files */,
			);
			path = BF_SlotMachineTests;
			sourceTree = "<group>";
		};
		0F6AA52E1ABB9D7300202CAB /* Supporting Files */ = {
			isa = PBXGroup;
			children = (
				0F6AA52F1ABB9D7300202CAB /* Info.plist */,
			);
			name = "Supporting Files";
			sourceTree = "<group>";
		};
/* End PBXGroup section */

/* Begin PBXNativeTarget section */
		0F6AA5141ABB9D7300202CAB /* BF_SlotMachine */ = {
			isa = PBXNativeTarget;
			buildConfigurationList = 0F6AA5341ABB9D7300202CAB /* Build configuration list for PBXNativeTarget "BF_SlotMachine" */;
			buildPhases = (
				0F6AA5111ABB9D7300202CAB /* Sources */,
				0F6AA5121ABB9D7300202CAB /* Frameworks */,
				0F6AA5131ABB9D7300202CAB /* Resources */,
			);
			buildRules = (
			);
			dependencies = (
			);
			name = BF_SlotMachine;
			productName = BF_SlotMachine;
			productReference = 0F6AA5151ABB9D7300202CAB /* BF_SlotMachine.app */;
			productType = "com.apple.product-type.application";
		};
		0F6AA5291ABB9D7300202CAB /* BF_SlotMachineTests */ = {
			isa = PBXNativeTarget;
			buildConfigurationList = 0F6AA5371ABB9D7300202CAB /* Build configuration list for PBXNativeTarget "BF_SlotMachineTests" */;
			buildPhases = (
				0F6AA5261ABB9D7300202CAB /* Sources */,
				0F6AA5271ABB9D7300202CAB /* Frameworks */,
				0F6AA5281ABB9D7300202CAB /* Resources */,
			);
			buildRules = (
			);
			dependencies = (
				0F6AA52C1ABB9D7300202CAB /* PBXTargetDependency */,
			);
			name = BF_SlotMachineTests;
			productName = BF_SlotMachineTests;
			productReference = 0F6AA52A1ABB9D7300202CAB /* BF_SlotMachineTests.xctest */;
			productType = "com.apple.product-type.bundle.unit-test";
		};
/* End PBXNativeTarget section */

/* Begin PBXProject section */
		0F6AA50D1ABB9D7300202CAB /* Project object */ = {
			isa = PBXProject;
			attributes = {
				LastUpgradeCheck = 0610;
				ORGANIZATIONNAME = "Bruce D Walker";
				TargetAttributes = {
					0F6AA5141ABB9D7300202CAB = {
						CreatedOnToolsVersion = 6.1.1;
					};
					0F6AA5291ABB9D7300202CAB = {
						CreatedOnToolsVersion = 6.1.1;
						TestTargetID = 0F6AA5141ABB9D7300202CAB;
					};
				};
			};
			buildConfigurationList = 0F6AA5101ABB9D7300202CAB /* Build configuration list for PBXProject "BF_SlotMachine" */;
			compatibilityVersion = "Xcode 3.2";
			developmentRegion = English;
			hasScannedForEncodings = 0;
			knownRegions = (
				en,
				Base,
			);
			mainGroup = 0F6AA50C1ABB9D7300202CAB;
			productRefGroup = 0F6AA5161ABB9D7300202CAB /* Products */;
			projectDirPath = "";
			projectRoot = "";
			targets = (
				0F6AA5141ABB9D7300202CAB /* BF_SlotMachine */,
				0F6AA5291ABB9D7300202CAB /* BF_SlotMachineTests */,
			);
		};
/* End PBXProject section */

/* Begin PBXResourcesBuildPhase section */
		0F6AA5131ABB9D7300202CAB /* Resources */ = {
			isa = PBXResourcesBuildPhase;
			buildActionMask = 2147483647;
			files = (
				0F6AA5201ABB9D7300202CAB /* Main.storyboard in Resources */,
				0F6AA5251ABB9D7300202CAB /* LaunchScreen.xib in Resources */,
				0F6AA5221ABB9D7300202CAB /* Images.xcassets in Resources */,
			);
			runOnlyForDeploymentPostprocessing = 0;
		};
		0F6AA5281ABB9D7300202CAB /* Resources */ = {
			isa = PBXResourcesBuildPhase;
			buildActionMask = 2147483647;
			files = (
			);
			runOnlyForDeploymentPostprocessing = 0;
		};
/* End PBXResourcesBuildPhase section */

/* Begin PBXSourcesBuildPhase section */
		0F6AA5111ABB9D7300202CAB /* Sources */ = {
			isa = PBXSourcesBuildPhase;
			buildActionMask = 2147483647;
			files = (
				0F34C5BB1ABBE94D00D4DEDA /* Factory.swift in Sources */,
				0F6AA51D1ABB9D7300202CAB /* ViewController.swift in Sources */,
				0F34C5B91ABBE76A00D4DEDA /* Slot.swift in Sources */,
				0F6AA51B1ABB9D7300202CAB /* AppDelegate.swift in Sources */,
				0F2D3F371ABC84C200032786 /* SlotBrain.swift in Sources */,
			);
			runOnlyForDeploymentPostprocessing = 0;
		};
		0F6AA5261ABB9D7300202CAB /* Sources */ = {
			isa = PBXSourcesBuildPhase;
			buildActionMask = 2147483647;
			files = (
				0F6AA5311ABB9D7300202CAB /* BF_SlotMachineTests.swift in Sources */,
			);
			runOnlyForDeploymentPostprocessing = 0;
		};
/* End PBXSourcesBuildPhase section */

/* Begin PBXTargetDependency section */
		0F6AA52C1ABB9D7300202CAB /* PBXTargetDependency */ = {
			isa = PBXTargetDependency;
			target = 0F6AA5141ABB9D7300202CAB /* BF_SlotMachine */;
			targetProxy = 0F6AA52B1ABB9D7300202CAB /* PBXContainerItemProxy */;
		};
/* End PBXTargetDependency section */

/* Begin PBXVariantGroup section */
		0F6AA51E1ABB9D7300202CAB /* Main.storyboard */ = {
			isa = PBXVariantGroup;
			children = (
				0F6AA51F1ABB9D7300202CAB /* Base */,
			);
			name = Main.storyboard;
			sourceTree = "<group>";
		};
		0F6AA5231ABB9D7300202CAB /* LaunchScreen.xib */ = {
			isa = PBXVariantGroup;
			children = (
				0F6AA5241ABB9D7300202CAB /* Base */,
			);
			name = LaunchScreen.xib;
			sourceTree = "<group>";
		};
/* End PBXVariantGroup section */

/* Begin XCBuildConfiguration section */
		0F6AA5321ABB9D7300202CAB /* Debug */ = {
			isa = XCBuildConfiguration;
			buildSettings = {
				ALWAYS_SEARCH_USER_PATHS = NO;
				CLANG_CXX_LANGUAGE_STANDARD = "gnu++0x";
				CLANG_CXX_LIBRARY = "libc++";
				CLANG_ENABLE_MODULES = YES;
				CLANG_ENABLE_OBJC_ARC = YES;
				CLANG_WARN_BOOL_CONVERSION = YES;
				CLANG_WARN_CONSTANT_CONVERSION = YES;
				CLANG_WARN_DIRECT_OBJC_ISA_USAGE = YES_ERROR;
				CLANG_WARN_EMPTY_BODY = YES;
				CLANG_WARN_ENUM_CONVERSION = YES;
				CLANG_WARN_INT_CONVERSION = YES;
				CLANG_WARN_OBJC_ROOT_CLASS = YES_ERROR;
				CLANG_WARN_UNREACHABLE_CODE = YES;
				CLANG_WARN__DUPLICATE_METHOD_MATCH = YES;
				"CODE_SIGN_IDENTITY[sdk=iphoneos*]" = "iPhone Developer";
				COPY_PHASE_STRIP = NO;
				ENABLE_STRICT_OBJC_MSGSEND = YES;
				GCC_C_LANGUAGE_STANDARD = gnu99;
				GCC_DYNAMIC_NO_PIC = NO;
				GCC_OPTIMIZATION_LEVEL = 0;
				GCC_PREPROCESSOR_DEFINITIONS = (
					"DEBUG=1",
					"$(inherited)",
				);
				GCC_SYMBOLS_PRIVATE_EXTERN = NO;
				GCC_WARN_64_TO_32_BIT_CONVERSION = YES;
				GCC_WARN_ABOUT_RETURN_TYPE = YES_ERROR;
				GCC_WARN_UNDECLARED_SELECTOR = YES;
				GCC_WARN_UNINITIALIZED_AUTOS = YES_AGGRESSIVE;
				GCC_WARN_UNUSED_FUNCTION = YES;
				GCC_WARN_UNUSED_VARIABLE = YES;
				IPHONEOS_DEPLOYMENT_TARGET = 8.1;
				MTL_ENABLE_DEBUG_INFO = YES;
				ONLY_ACTIVE_ARCH = YES;
				SDKROOT = iphoneos;
				SWIFT_OPTIMIZATION_LEVEL = "-Onone";
				TARGETED_DEVICE_FAMILY = "1,2";
			};
			name = Debug;
		};
		0F6AA5331ABB9D7300202CAB /* Release */ = {
			isa = XCBuildConfiguration;
			buildSettings = {
				ALWAYS_SEARCH_USER_PATHS = NO;
				CLANG_CXX_LANGUAGE_STANDARD = "gnu++0x";
				CLANG_CXX_LIBRARY = "libc++";
				CLANG_ENABLE_MODULES = YES;
				CLANG_ENABLE_OBJC_ARC = YES;
				CLANG_WARN_BOOL_CONVERSION = YES;
				CLANG_WARN_CONSTANT_CONVERSION = YES;
				CLANG_WARN_DIRECT_OBJC_ISA_USAGE = YES_ERROR;
				CLANG_WARN_EMPTY_BODY = YES;
				CLANG_WARN_ENUM_CONVERSION = YES;
				CLANG_WARN_INT_CONVERSION = YES;
				CLANG_WARN_OBJC_ROOT_CLASS = YES_ERROR;
				CLANG_WARN_UNREACHABLE_CODE = YES;
				CLANG_WARN__DUPLICATE_METHOD_MATCH = YES;
				"CODE_SIGN_IDENTITY[sdk=iphoneos*]" = "iPhone Developer";
				COPY_PHASE_STRIP = YES;
				ENABLE_NS_ASSERTIONS = NO;
				ENABLE_STRICT_OBJC_MSGSEND = YES;
				GCC_C_LANGUAGE_STANDARD = gnu99;
				GCC_WARN_64_TO_32_BIT_CONVERSION = YES;
				GCC_WARN_ABOUT_RETURN_TYPE = YES_ERROR;
				GCC_WARN_UNDECLARED_SELECTOR = YES;
				GCC_WARN_UNINITIALIZED_AUTOS = YES_AGGRESSIVE;
				GCC_WARN_UNUSED_FUNCTION = YES;
				GCC_WARN_UNUSED_VARIABLE = YES;
				IPHONEOS_DEPLOYMENT_TARGET = 8.1;
				MTL_ENABLE_DEBUG_INFO = NO;
				SDKROOT = iphoneos;
				TARGETED_DEVICE_FAMILY = "1,2";
				VALIDATE_PRODUCT = YES;
			};
			name = Release;
		};
		0F6AA5351ABB9D7300202CAB /* Debug */ = {
			isa = XCBuildConfiguration;
			buildSettings = {
				ASSETCATALOG_COMPILER_APPICON_NAME = AppIcon;
				INFOPLIST_FILE = BF_SlotMachine/Info.plist;
				LD_RUNPATH_SEARCH_PATHS = "$(inherited) @executable_path/Frameworks";
				PRODUCT_NAME = "$(TARGET_NAME)";
			};
			name = Debug;
		};
		0F6AA5361ABB9D7300202CAB /* Release */ = {
			isa = XCBuildConfiguration;
			buildSettings = {
				ASSETCATALOG_COMPILER_APPICON_NAME = AppIcon;
				INFOPLIST_FILE = BF_SlotMachine/Info.plist;
				LD_RUNPATH_SEARCH_PATHS = "$(inherited) @executable_path/Frameworks";
				PRODUCT_NAME = "$(TARGET_NAME)";
			};
			name = Release;
		};
		0F6AA5381ABB9D7300202CAB /* Debug */ = {
			isa = XCBuildConfiguration;
			buildSettings = {
				BUNDLE_LOADER = "$(TEST_HOST)";
				FRAMEWORK_SEARCH_PATHS = (
					"$(SDKROOT)/Developer/Library/Frameworks",
					"$(inherited)",
				);
				GCC_PREPROCESSOR_DEFINITIONS = (
					"DEBUG=1",
					"$(inherited)",
				);
				INFOPLIST_FILE = BF_SlotMachineTests/Info.plist;
				LD_RUNPATH_SEARCH_PATHS = "$(inherited) @executable_path/Frameworks @loader_path/Frameworks";
				PRODUCT_NAME = "$(TARGET_NAME)";
				TEST_HOST = "$(BUILT_PRODUCTS_DIR)/BF_SlotMachine.app/BF_SlotMachine";
			};
			name = Debug;
		};
		0F6AA5391ABB9D7300202CAB /* Release */ = {
			isa = XCBuildConfiguration;
			buildSettings = {
				BUNDLE_LOADER = "$(TEST_HOST)";
				FRAMEWORK_SEARCH_PATHS = (
					"$(SDKROOT)/Developer/Library/Frameworks",
					"$(inherited)",
				);
				INFOPLIST_FILE = BF_SlotMachineTests/Info.plist;
				LD_RUNPATH_SEARCH_PATHS = "$(inherited) @executable_path/Frameworks @loader_path/Frameworks";
				PRODUCT_NAME = "$(TARGET_NAME)";
				TEST_HOST = "$(BUILT_PRODUCTS_DIR)/BF_SlotMachine.app/BF_SlotMachine";
			};
			name = Release;
		};
/* End XCBuildConfiguration section */

/* Begin XCConfigurationList section */
		0F6AA5101ABB9D7300202CAB /* Build configuration list for PBXProject "BF_SlotMachine" */ = {
			isa = XCConfigurationList;
			buildConfigurations = (
				0F6AA5321ABB9D7300202CAB /* Debug */,
				0F6AA5331ABB9D7300202CAB /* Release */,
			);
			defaultConfigurationIsVisible = 0;
			defaultConfigurationName = Release;
		};
		0F6AA5341ABB9D7300202CAB /* Build configuration list for PBXNativeTarget "BF_SlotMachine" */ = {
			isa = XCConfigurationList;
			buildConfigurations = (
				0F6AA5351ABB9D7300202CAB /* Debug */,
				0F6AA5361ABB9D7300202CAB /* Release */,
			);
			defaultConfigurationIsVisible = 0;
			defaultConfigurationName = Release;
		};
		0F6AA5371ABB9D7300202CAB /* Build configuration list for PBXNativeTarget "BF_SlotMachineTests" */ = {
			isa = XCConfigurationList;
			buildConfigurations = (
				0F6AA5381ABB9D7300202CAB /* Debug */,
				0F6AA5391ABB9D7300202CAB /* Release */,
			);
			defaultConfigurationIsVisible = 0;
			defaultConfigurationName = Release;
		};
/* End XCConfigurationList section */
	};
	rootObject = 0F6AA50D1ABB9D7300202CAB /* Project object */;
}
